
Microsoft Visual Studio Solution File, Format Version 12.00
# Visual Studio 2012
Project("{FAE04EC0-301F-11D3-BF4B-00C04F79EFBC}") = "SimpleInjector.Conventions", "SimpleInjector.Conventions\SimpleInjector.Conventions.csproj", "{AE3530E4-A58F-43D7-BDED-77B74AFD644F}"
EndProject
Project("{FAE04EC0-301F-11D3-BF4B-00C04F79EFBC}") = "SimpleInjector.Conventions.ConsoleApplication", "SimpleInjector.Conventions.ConsoleApplication\SimpleInjector.Conventions.ConsoleApplication.csproj", "{9AAE0025-66BF-44FD-BF91-693207501007}"
EndProject
Global
	GlobalSection(SolutionConfigurationPlatforms) = preSolution
		Debug|Any CPU = Debug|Any CPU
		Release|Any CPU = Release|Any CPU
	EndGlobalSection
	GlobalSection(ProjectConfigurationPlatforms) = postSolution
		{AE3530E4-A58F-43D7-BDED-77B74AFD644F}.Debug|Any CPU.ActiveCfg = Debug|Any CPU
		{AE3530E4-A58F-43D7-BDED-77B74AFD644F}.Debug|Any CPU.Build.0 = Debug|Any CPU
		{AE3530E4-A58F-43D7-BDED-77B74AFD644F}.Release|Any CPU.ActiveCfg = Release|Any CPU
		{AE3530E4-A58F-43D7-BDED-77B74AFD644F}.Release|Any CPU.Build.0 = Release|Any CPU
		{9AAE0025-66BF-44FD-BF91-693207501007}.Debug|Any CPU.ActiveCfg = Debug|Any CPU
		{9AAE0025-66BF-44FD-BF91-693207501007}.Debug|Any CPU.Build.0 = Debug|Any CPU
		{9AAE0025-66BF-44FD-BF91-693207501007}.Release|Any CPU.ActiveCfg = Release|Any CPU
		{9AAE0025-66BF-44FD-BF91-693207501007}.Release|Any CPU.Build.0 = Release|Any CPU
	EndGlobalSection
	GlobalSection(SolutionProperties) = preSolution
		HideSolutionNode = FALSE
	EndGlobalSection
EndGlobal
